// !$*UTF8*$!
{
	archiveVersion = 1;
	classes = {
	};
	objectVersion = 48;
	objects = {

/* Begin PBXBuildFile section */
		3696C61A202E8AEB00FA512C /* AppDelegate.m in Sources */ = {isa = PBXBuildFile; fileRef = 3696C619202E8AEB00FA512C /* AppDelegate.m */; };
		3696C61D202E8AEB00FA512C /* ViewController.m in Sources */ = {isa = PBXBuildFile; fileRef = 3696C61C202E8AEB00FA512C /* ViewController.m */; };
		3696C620202E8AEB00FA512C /* Main.storyboard in Resources */ = {isa = PBXBuildFile; fileRef = 3696C61E202E8AEB00FA512C /* Main.storyboard */; };
		3696C622202E8AEB00FA512C /* Assets.xcassets in Resources */ = {isa = PBXBuildFile; fileRef = 3696C621202E8AEB00FA512C /* Assets.xcassets */; };
		3696C625202E8AEB00FA512C /* LaunchScreen.storyboard in Resources */ = {isa = PBXBuildFile; fileRef = 3696C623202E8AEB00FA512C /* LaunchScreen.storyboard */; };
		3696C628202E8AEB00FA512C /* main.m in Sources */ = {isa = PBXBuildFile; fileRef = 3696C627202E8AEB00FA512C /* main.m */; };
		3696C632202E8AEB00FA512C /* smartHomeTests.m in Sources */ = {isa = PBXBuildFile; fileRef = 3696C631202E8AEB00FA512C /* smartHomeTests.m */; };
		3696C63D202E8AEB00FA512C /* smartHomeUITests.m in Sources */ = {isa = PBXBuildFile; fileRef = 3696C63C202E8AEB00FA512C /* smartHomeUITests.m */; };
/* End PBXBuildFile section */

/* Begin PBXContainerItemProxy section */
		3696C62E202E8AEB00FA512C /* PBXContainerItemProxy */ = {
			isa = PBXContainerItemProxy;
			containerPortal = 3696C60D202E8AEB00FA512C /* Project object */;
			proxyType = 1;
			remoteGlobalIDString = 3696C614202E8AEB00FA512C;
			remoteInfo = smartHome;
		};
		3696C639202E8AEB00FA512C /* PBXContainerItemProxy */ = {
			isa = PBXContainerItemProxy;
			containerPortal = 3696C60D202E8AEB00FA512C /* Project object */;
			proxyType = 1;
			remoteGlobalIDString = 3696C614202E8AEB00FA512C;
			remoteInfo = smartHome;
		};
/* End PBXContainerItemProxy section */

/* Begin PBXFileReference section */
		3696C615202E8AEB00FA512C /* smartHome.app */ = {isa = PBXFileReference; explicitFileType = wrapper.application; includeInIndex = 0; path = smartHome.app; sourceTree = BUILT_PRODUCTS_DIR; };
		3696C618202E8AEB00FA512C /* AppDelegate.h */ = {isa = PBXFileReference; lastKnownFileType = sourcecode.c.h; path = AppDelegate.h; sourceTree = "<group>"; };
		3696C619202E8AEB00FA512C /* AppDelegate.m */ = {isa = PBXFileReference; lastKnownFileType = sourcecode.c.objc; path = AppDelegate.m; sourceTree = "<group>"; };
		3696C61B202E8AEB00FA512C /* ViewController.h */ = {isa = PBXFileReference; lastKnownFileType = sourcecode.c.h; path = ViewController.h; sourceTree = "<group>"; };
		3696C61C202E8AEB00FA512C /* ViewController.m */ = {isa = PBXFileReference; lastKnownFileType = sourcecode.c.objc; path = ViewController.m; sourceTree = "<group>"; };
		3696C61F202E8AEB00FA512C /* Base */ = {isa = PBXFileReference; lastKnownFileType = file.storyboard; name = Base; path = Base.lproj/Main.storyboard; sourceTree = "<group>"; };
		3696C621202E8AEB00FA512C /* Assets.xcassets */ = {isa = PBXFileReference; lastKnownFileType = folder.assetcatalog; path = Assets.xcassets; sourceTree = "<group>"; };
		3696C624202E8AEB00FA512C /* Base */ = {isa = PBXFileReference; lastKnownFileType = file.storyboard; name = Base; path = Base.lproj/LaunchScreen.storyboard; sourceTree = "<group>"; };
		3696C626202E8AEB00FA512C /* Info.plist */ = {isa = PBXFileReference; lastKnownFileType = text.plist.xml; path = Info.plist; sourceTree = "<group>"; };
		3696C627202E8AEB00FA512C /* main.m */ = {isa = PBXFileReference; lastKnownFileType = sourcecode.c.objc; path = main.m; sourceTree = "<group>"; };
		3696C62D202E8AEB00FA512C /* smartHomeTests.xctest */ = {isa = PBXFileReference; explicitFileType = wrapper.cfbundle; includeInIndex = 0; path = smartHomeTests.xctest; sourceTree = BUILT_PRODUCTS_DIR; };
		3696C631202E8AEB00FA512C /* smartHomeTests.m */ = {isa = PBXFileReference; lastKnownFileType = sourcecode.c.objc; path = smartHomeTests.m; sourceTree = "<group>"; };
		3696C633202E8AEB00FA512C /* Info.plist */ = {isa = PBXFileReference; lastKnownFileType = text.plist.xml; path = Info.plist; sourceTree = "<group>"; };
		3696C638202E8AEB00FA512C /* smartHomeUITests.xctest */ = {isa = PBXFileReference; explicitFileType = wrapper.cfbundle; includeInIndex = 0; path = smartHomeUITests.xctest; sourceTree = BUILT_PRODUCTS_DIR; };
		3696C63C202E8AEB00FA512C /* smartHomeUITests.m */ = {isa = PBXFileReference; lastKnownFileType = sourcecode.c.objc; path = smartHomeUITests.m; sourceTree = "<group>"; };
		3696C63E202E8AEB00FA512C /* Info.plist */ = {isa = PBXFileReference; lastKnownFileType = text.plist.xml; path = Info.plist; sourceTree = "<group>"; };
/* End PBXFileReference section */

/* Begin PBXFrameworksBuildPhase section */
		3696C612202E8AEB00FA512C /* Frameworks */ = {
			isa = PBXFrameworksBuildPhase;
			buildActionMask = 2147483647;
			files = (
			);
			runOnlyForDeploymentPostprocessing = 0;
		};
		3696C62A202E8AEB00FA512C /* Frameworks */ = {
			isa = PBXFrameworksBuildPhase;
			buildActionMask = 2147483647;
			files = (
			);
			runOnlyForDeploymentPostprocessing = 0;
		};
		3696C635202E8AEB00FA512C /* Frameworks */ = {
			isa = PBXFrameworksBuildPhase;
			buildActionMask = 2147483647;
			files = (
			);
			runOnlyForDeploymentPostprocessing = 0;
		};
/* End PBXFrameworksBuildPhase section */

/* Begin PBXGroup section */
		3696C60C202E8AEB00FA512C = {
			isa = PBXGroup;
			children = (
				3696C617202E8AEB00FA512C /* smartHome */,
				3696C630202E8AEB00FA512C /* smartHomeTests */,
				3696C63B202E8AEB00FA512C /* smartHomeUITests */,
				3696C616202E8AEB00FA512C /* Products */,
			);
			sourceTree = "<group>";
		};
		3696C616202E8AEB00FA512C /* Products */ = {
			isa = PBXGroup;
			children = (
				3696C615202E8AEB00FA512C /* smartHome.app */,
				3696C62D202E8AEB00FA512C /* smartHomeTests.xctest */,
				3696C638202E8AEB00FA512C /* smartHomeUITests.xctest */,
			);
			name = Products;
			sourceTree = "<group>";
		};
		3696C617202E8AEB00FA512C /* smartHome */ = {
			isa = PBXGroup;
			children = (
				3696C618202E8AEB00FA512C /* AppDelegate.h */,
				3696C619202E8AEB00FA512C /* AppDelegate.m */,
				3696C61B202E8AEB00FA512C /* ViewController.h */,
				3696C61C202E8AEB00FA512C /* ViewController.m */,
				3696C61E202E8AEB00FA512C /* Main.storyboard */,
				3696C621202E8AEB00FA512C /* Assets.xcassets */,
				3696C623202E8AEB00FA512C /* LaunchScreen.storyboard */,
				3696C626202E8AEB00FA512C /* Info.plist */,
				3696C627202E8AEB00FA512C /* main.m */,
			);
			path = smartHome;
			sourceTree = "<group>";
		};
		3696C630202E8AEB00FA512C /* smartHomeTests */ = {
			isa = PBXGroup;
			children = (
				3696C631202E8AEB00FA512C /* smartHomeTests.m */,
				3696C633202E8AEB00FA512C /* Info.plist */,
			);
			path = smartHomeTests;
			sourceTree = "<group>";
		};
		3696C63B202E8AEB00FA512C /* smartHomeUITests */ = {
			isa = PBXGroup;
			children = (
				3696C63C202E8AEB00FA512C /* smartHomeUITests.m */,
				3696C63E202E8AEB00FA512C /* Info.plist */,
			);
			path = smartHomeUITests;
			sourceTree = "<group>";
		};
/* End PBXGroup section */

/* Begin PBXNativeTarget section */
		3696C614202E8AEB00FA512C /* smartHome */ = {
			isa = PBXNativeTarget;
			buildConfigurationList = 3696C641202E8AEB00FA512C /* Build configuration list for PBXNativeTarget "smartHome" */;
			buildPhases = (
				3696C611202E8AEB00FA512C /* Sources */,
				3696C612202E8AEB00FA512C /* Frameworks */,
				3696C613202E8AEB00FA512C /* Resources */,
			);
			buildRules = (
			);
			dependencies = (
			);
			name = smartHome;
			productName = smartHome;
			productReference = 3696C615202E8AEB00FA512C /* smartHome.app */;
			productType = "com.apple.product-type.application";
		};
		3696C62C202E8AEB00FA512C /* smartHomeTests */ = {
			isa = PBXNativeTarget;
			buildConfigurationList = 3696C644202E8AEB00FA512C /* Build configuration list for PBXNativeTarget "smartHomeTests" */;
			buildPhases = (
				3696C629202E8AEB00FA512C /* Sources */,
				3696C62A202E8AEB00FA512C /* Frameworks */,
				3696C62B202E8AEB00FA512C /* Resources */,
			);
			buildRules = (
			);
			dependencies = (
				3696C62F202E8AEB00FA512C /* PBXTargetDependency */,
			);
			name = smartHomeTests;
			productName = smartHomeTests;
			productReference = 3696C62D202E8AEB00FA512C /* smartHomeTests.xctest */;
			productType = "com.apple.product-type.bundle.unit-test";
		};
		3696C637202E8AEB00FA512C /* smartHomeUITests */ = {
			isa = PBXNativeTarget;
			buildConfigurationList = 3696C647202E8AEB00FA512C /* Build configuration list for PBXNativeTarget "smartHomeUITests" */;
			buildPhases = (
				3696C634202E8AEB00FA512C /* Sources */,
				3696C635202E8AEB00FA512C /* Frameworks */,
				3696C636202E8AEB00FA512C /* Resources */,
			);
			buildRules = (
			);
			dependencies = (
				3696C63A202E8AEB00FA512C /* PBXTargetDependency */,
			);
			name = smartHomeUITests;
			productName = smartHomeUITests;
			productReference = 3696C638202E8AEB00FA512C /* smartHomeUITests.xctest */;
			productType = "com.apple.product-type.bundle.ui-testing";
		};
/* End PBXNativeTarget section */

/* Begin PBXProject section */
		3696C60D202E8AEB00FA512C /* Project object */ = {
			isa = PBXProject;
			attributes = {
				LastUpgradeCheck = 0920;
				ORGANIZATIONNAME = XiaoHuiBang;
				TargetAttributes = {
					3696C614202E8AEB00FA512C = {
						CreatedOnToolsVersion = 9.2;
						ProvisioningStyle = Automatic;
					};
					3696C62C202E8AEB00FA512C = {
						CreatedOnToolsVersion = 9.2;
						ProvisioningStyle = Automatic;
						TestTargetID = 3696C614202E8AEB00FA512C;
					};
					3696C637202E8AEB00FA512C = {
						CreatedOnToolsVersion = 9.2;
						ProvisioningStyle = Automatic;
						TestTargetID = 3696C614202E8AEB00FA512C;
					};
				};
			};
			buildConfigurationList = 3696C610202E8AEB00FA512C /* Build configuration list for PBXProject "smartHome" */;
			compatibilityVersion = "Xcode 8.0";
			developmentRegion = en;
			hasScannedForEncodings = 0;
			knownRegions = (
				en,
				Base,
			);
			mainGroup = 3696C60C202E8AEB00FA512C;
			productRefGroup = 3696C616202E8AEB00FA512C /* Products */;
			projectDirPath = "";
			projectRoot = "";
			targets = (
				3696C614202E8AEB00FA512C /* smartHome */,
				3696C62C202E8AEB00FA512C /* smartHomeTests */,
				3696C637202E8AEB00FA512C /* smartHomeUITests */,
			);
		};
/* End PBXProject section */

/* Begin PBXResourcesBuildPhase section */
		3696C613202E8AEB00FA512C /* Resources */ = {
			isa = PBXResourcesBuildPhase;
			buildActionMask = 2147483647;
			files = (
				3696C625202E8AEB00FA512C /* LaunchScreen.storyboard in Resources */,
				3696C622202E8AEB00FA512C /* Assets.xcassets in Resources */,
				3696C620202E8AEB00FA512C /* Main.storyboard in Resources */,
			);
			runOnlyForDeploymentPostprocessing = 0;
		};
		3696C62B202E8AEB00FA512C /* Resources */ = {
			isa = PBXResourcesBuildPhase;
			buildActionMask = 2147483647;
			files = (
			);
			runOnlyForDeploymentPostprocessing = 0;
		};
		3696C636202E8AEB00FA512C /* Resources */ = {
			isa = PBXResourcesBuildPhase;
			buildActionMask = 2147483647;
			files = (
			);
			runOnlyForDeploymentPostprocessing = 0;
		};
/* End PBXResourcesBuildPhase section */

/* Begin PBXSourcesBuildPhase section */
		3696C611202E8AEB00FA512C /* Sources */ = {
			isa = PBXSourcesBuildPhase;
			buildActionMask = 2147483647;
			files = (
				3696C61D202E8AEB00FA512C /* ViewController.m in Sources */,
				3696C628202E8AEB00FA512C /* main.m in Sources */,
				3696C61A202E8AEB00FA512C /* AppDelegate.m in Sources */,
			);
			runOnlyForDeploymentPostprocessing = 0;
		};
		3696C629202E8AEB00FA512C /* Sources */ = {
			isa = PBXSourcesBuildPhase;
			buildActionMask = 2147483647;
			files = (
				3696C632202E8AEB00FA512C /* smartHomeTests.m in Sources */,
			);
			runOnlyForDeploymentPostprocessing = 0;
		};
		3696C634202E8AEB00FA512C /* Sources */ = {
			isa = PBXSourcesBuildPhase;
			buildActionMask = 2147483647;
			files = (
				3696C63D202E8AEB00FA512C /* smartHomeUITests.m in Sources */,
			);
			runOnlyForDeploymentPostprocessing = 0;
		};
/* End PBXSourcesBuildPhase section */

/* Begin PBXTargetDependency section */
		3696C62F202E8AEB00FA512C /* PBXTargetDependency */ = {
			isa = PBXTargetDependency;
			target = 3696C614202E8AEB00FA512C /* smartHome */;
			targetProxy = 3696C62E202E8AEB00FA512C /* PBXContainerItemProxy */;
		};
		3696C63A202E8AEB00FA512C /* PBXTargetDependency */ = {
			isa = PBXTargetDependency;
			target = 3696C614202E8AEB00FA512C /* smartHome */;
			targetProxy = 3696C639202E8AEB00FA512C /* PBXContainerItemProxy */;
		};
/* End PBXTargetDependency section */

/* Begin PBXVariantGroup section */
		3696C61E202E8AEB00FA512C /* Main.storyboard */ = {
			isa = PBXVariantGroup;
			children = (
				3696C61F202E8AEB00FA512C /* Base */,
			);
			name = Main.storyboard;
			sourceTree = "<group>";
		};
		3696C623202E8AEB00FA512C /* LaunchScreen.storyboard */ = {
			isa = PBXVariantGroup;
			children = (
				3696C624202E8AEB00FA512C /* Base */,
			);
			name = LaunchScreen.storyboard;
			sourceTree = "<group>";
		};
/* End PBXVariantGroup section */

/* Begin XCBuildConfiguration section */
		3696C63F202E8AEB00FA512C /* Debug */ = {
			isa = XCBuildConfiguration;
			buildSettings = {
				ALWAYS_SEARCH_USER_PATHS = NO;
				CLANG_ANALYZER_NONNULL = YES;
				CLANG_ANALYZER_NUMBER_OBJECT_CONVERSION = YES_AGGRESSIVE;
				CLANG_CXX_LANGUAGE_STANDARD = "gnu++14";
				CLANG_CXX_LIBRARY = "libc++";
				CLANG_ENABLE_MODULES = YES;
				CLANG_ENABLE_OBJC_ARC = YES;
				CLANG_WARN_BLOCK_CAPTURE_AUTORELEASING = YES;
				CLANG_WARN_BOOL_CONVERSION = YES;
				CLANG_WARN_COMMA = YES;
				CLANG_WARN_CONSTANT_CONVERSION = YES;
				CLANG_WARN_DIRECT_OBJC_ISA_USAGE = YES_ERROR;
				CLANG_WARN_DOCUMENTATION_COMMENTS = YES;
				CLANG_WARN_EMPTY_BODY = YES;
				CLANG_WARN_ENUM_CONVERSION = YES;
				CLANG_WARN_INFINITE_RECURSION = YES;
				CLANG_WARN_INT_CONVERSION = YES;
				CLANG_WARN_NON_LITERAL_NULL_CONVERSION = YES;
				CLANG_WARN_OBJC_LITERAL_CONVERSION = YES;
				CLANG_WARN_OBJC_ROOT_CLASS = YES_ERROR;
				CLANG_WARN_RANGE_LOOP_ANALYSIS = YES;
				CLANG_WARN_STRICT_PROTOTYPES = YES;
				CLANG_WARN_SUSPICIOUS_MOVE = YES;
				CLANG_WARN_UNGUARDED_AVAILABILITY = YES_AGGRESSIVE;
				CLANG_WARN_UNREACHABLE_CODE = YES;
				CLANG_WARN__DUPLICATE_METHOD_MATCH = YES;
				CODE_SIGN_IDENTITY = "iPhone Developer";
				COPY_PHASE_STRIP = NO;
				DEBUG_INFORMATION_FORMAT = dwarf;
				ENABLE_STRICT_OBJC_MSGSEND = YES;
				ENABLE_TESTABILITY = YES;
				GCC_C_LANGUAGE_STANDARD = gnu11;
				GCC_DYNAMIC_NO_PIC = NO;
				GCC_NO_COMMON_BLOCKS = YES;
				GCC_OPTIMIZATION_LEVEL = 0;
				GCC_PREPROCESSOR_DEFINITIONS = (
					"DEBUG=1",
					"$(inherited)",
				);
				GCC_WARN_64_TO_32_BIT_CONVERSION = YES;
				GCC_WARN_ABOUT_RETURN_TYPE = YES_ERROR;
				GCC_WARN_UNDECLARED_SELECTOR = YES;
				GCC_WARN_UNINITIALIZED_AUTOS = YES_AGGRESSIVE;
				GCC_WARN_UNUSED_FUNCTION = YES;
				GCC_WARN_UNUSED_VARIABLE = YES;
				IPHONEOS_DEPLOYMENT_TARGET = 11.2;
				MTL_ENABLE_DEBUG_INFO = YES;
				ONLY_ACTIVE_ARCH = YES;
				SDKROOT = iphoneos;
			};
			name = Debug;
		};
		3696C640202E8AEB00FA512C /* Release */ = {
			isa = XCBuildConfiguration;
			buildSettings = {
				ALWAYS_SEARCH_USER_PATHS = NO;
				CLANG_ANALYZER_NONNULL = YES;
				CLANG_ANALYZER_NUMBER_OBJECT_CONVERSION = YES_AGGRESSIVE;
				CLANG_CXX_LANGUAGE_STANDARD = "gnu++14";
				CLANG_CXX_LIBRARY = "libc++";
				CLANG_ENABLE_MODULES = YES;
				CLANG_ENABLE_OBJC_ARC = YES;
				CLANG_WARN_BLOCK_CAPTURE_AUTORELEASING = YES;
				CLANG_WARN_BOOL_CONVERSION = YES;
				CLANG_WARN_COMMA = YES;
				CLANG_WARN_CONSTANT_CONVERSION = YES;
				CLANG_WARN_DIRECT_OBJC_ISA_USAGE = YES_ERROR;
				CLANG_WARN_DOCUMENTATION_COMMENTS = YES;
				CLANG_WARN_EMPTY_BODY = YES;
				CLANG_WARN_ENUM_CONVERSION = YES;
				CLANG_WARN_INFINITE_RECURSION = YES;
				CLANG_WARN_INT_CONVERSION = YES;
				CLANG_WARN_NON_LITERAL_NULL_CONVERSION = YES;
				CLANG_WARN_OBJC_LITERAL_CONVERSION = YES;
				CLANG_WARN_OBJC_ROOT_CLASS = YES_ERROR;
				CLANG_WARN_RANGE_LOOP_ANALYSIS = YES;
				CLANG_WARN_STRICT_PROTOTYPES = YES;
				CLANG_WARN_SUSPICIOUS_MOVE = YES;
				CLANG_WARN_UNGUARDED_AVAILABILITY = YES_AGGRESSIVE;
				CLANG_WARN_UNREACHABLE_CODE = YES;
				CLANG_WARN__DUPLICATE_METHOD_MATCH = YES;
				CODE_SIGN_IDENTITY = "iPhone Developer";
				COPY_PHASE_STRIP = NO;
				DEBUG_INFORMATION_FORMAT = "dwarf-with-dsym";
				ENABLE_NS_ASSERTIONS = NO;
				ENABLE_STRICT_OBJC_MSGSEND = YES;
				GCC_C_LANGUAGE_STANDARD = gnu11;
				GCC_NO_COMMON_BLOCKS = YES;
				GCC_WARN_64_TO_32_BIT_CONVERSION = YES;
				GCC_WARN_ABOUT_RETURN_TYPE = YES_ERROR;
				GCC_WARN_UNDECLARED_SELECTOR = YES;
				GCC_WARN_UNINITIALIZED_AUTOS = YES_AGGRESSIVE;
				GCC_WARN_UNUSED_FUNCTION = YES;
				GCC_WARN_UNUSED_VARIABLE = YES;
				IPHONEOS_DEPLOYMENT_TARGET = 11.2;
				MTL_ENABLE_DEBUG_INFO = NO;
				SDKROOT = iphoneos;
				VALIDATE_PRODUCT = YES;
			};
			name = Release;
		};
		3696C642202E8AEB00FA512C /* Debug */ = {
			isa = XCBuildConfiguration;
			buildSettings = {
				ASSETCATALOG_COMPILER_APPICON_NAME = AppIcon;
				CODE_SIGN_STYLE = Automatic;
				DEVELOPMENT_TEAM = 9WA3G6F6L8;
				INFOPLIST_FILE = smartHome/Info.plist;
				LD_RUNPATH_SEARCH_PATHS = "$(inherited) @executable_path/Frameworks";
				PRODUCT_BUNDLE_IDENTIFIER = com.xiaohuibang.smartHome;
				PRODUCT_NAME = "$(TARGET_NAME)";
				TARGETED_DEVICE_FAMILY = "1,2";
			};
			name = Debug;
		};
		3696C643202E8AEB00FA512C /* Release */ = {
			isa = XCBuildConfiguration;
			buildSettings = {
				ASSETCATALOG_COMPILER_APPICON_NAME = AppIcon;
				CODE_SIGN_STYLE = Automatic;
				DEVELOPMENT_TEAM = 9WA3G6F6L8;
				INFOPLIST_FILE = smartHome/Info.plist;
				LD_RUNPATH_SEARCH_PATHS = "$(inherited) @executable_path/Frameworks";
				PRODUCT_BUNDLE_IDENTIFIER = com.xiaohuibang.smartHome;
				PRODUCT_NAME = "$(TARGET_NAME)";
				TARGETED_DEVICE_FAMILY = "1,2";
			};
			name = Release;
		};
		3696C645202E8AEB00FA512C /* Debug */ = {
			isa = XCBuildConfiguration;
			buildSettings = {
				BUNDLE_LOADER = "$(TEST_HOST)";
				CODE_SIGN_STYLE = Automatic;
				DEVELOPMENT_TEAM = 9WA3G6F6L8;
				INFOPLIST_FILE = smartHomeTests/Info.plist;
				LD_RUNPATH_SEARCH_PATHS = "$(inherited) @executable_path/Frameworks @loader_path/Frameworks";
				PRODUCT_BUNDLE_IDENTIFIER = com.xiaohuibang.smartHomeTests;
				PRODUCT_NAME = "$(TARGET_NAME)";
				TARGETED_DEVICE_FAMILY = "1,2";
				TEST_HOST = "$(BUILT_PRODUCTS_DIR)/smartHome.app/smartHome";
			};
			name = Debug;
		};
		3696C646202E8AEB00FA512C /* Release */ = {
			isa = XCBuildConfiguration;
			buildSettings = {
				BUNDLE_LOADER = "$(TEST_HOST)";
				CODE_SIGN_STYLE = Automatic;
				DEVELOPMENT_TEAM = 9WA3G6F6L8;
				INFOPLIST_FILE = smartHomeTests/Info.plist;
				LD_RUNPATH_SEARCH_PATHS = "$(inherited) @executable_path/Frameworks @loader_path/Frameworks";
				PRODUCT_BUNDLE_IDENTIFIER = com.xiaohuibang.smartHomeTests;
				PRODUCT_NAME = "$(TARGET_NAME)";
				TARGETED_DEVICE_FAMILY = "1,2";
				TEST_HOST = "$(BUILT_PRODUCTS_DIR)/smartHome.app/smartHome";
			};
			name = Release;
		};
		3696C648202E8AEB00FA512C /* Debug */ = {
			isa = XCBuildConfiguration;
			buildSettings = {
				CODE_SIGN_STYLE = Automatic;
				DEVELOPMENT_TEAM = 9WA3G6F6L8;
				INFOPLIST_FILE = smartHomeUITests/Info.plist;
				LD_RUNPATH_SEARCH_PATHS = "$(inherited) @executable_path/Frameworks @loader_path/Frameworks";
				PRODUCT_BUNDLE_IDENTIFIER = com.xiaohuibang.smartHomeUITests;
				PRODUCT_NAME = "$(TARGET_NAME)";
				TARGETED_DEVICE_FAMILY = "1,2";
				TEST_TARGET_NAME = smartHome;
			};
			name = Debug;
		};
		3696C649202E8AEB00FA512C /* Release */ = {
			isa = XCBuildConfiguration;
			buildSettings = {
				CODE_SIGN_STYLE = Automatic;
				DEVELOPMENT_TEAM = 9WA3G6F6L8;
				INFOPLIST_FILE = smartHomeUITests/Info.plist;
				LD_RUNPATH_SEARCH_PATHS = "$(inherited) @executable_path/Frameworks @loader_path/Frameworks";
				PRODUCT_BUNDLE_IDENTIFIER = com.xiaohuibang.smartHomeUITests;
				PRODUCT_NAME = "$(TARGET_NAME)";
				TARGETED_DEVICE_FAMILY = "1,2";
				TEST_TARGET_NAME = smartHome;
			};
			name = Release;
		};
/* End XCBuildConfiguration section */

/* Begin XCConfigurationList section */
		3696C610202E8AEB00FA512C /* Build configuration list for PBXProject "smartHome" */ = {
			isa = XCConfigurationList;
			buildConfigurations = (
				3696C63F202E8AEB00FA512C /* Debug */,
				3696C640202E8AEB00FA512C /* Release */,
			);
			defaultConfigurationIsVisible = 0;
			defaultConfigurationName = Release;
		};
		3696C641202E8AEB00FA512C /* Build configuration list for PBXNativeTarget "smartHome" */ = {
			isa = XCConfigurationList;
			buildConfigurations = (
				3696C642202E8AEB00FA512C /* Debug */,
				3696C643202E8AEB00FA512C /* Release */,
			);
			defaultConfigurationIsVisible = 0;
			defaultConfigurationName = Release;
		};
		3696C644202E8AEB00FA512C /* Build configuration list for PBXNativeTarget "smartHomeTests" */ = {
			isa = XCConfigurationList;
			buildConfigurations = (
				3696C645202E8AEB00FA512C /* Debug */,
				3696C646202E8AEB00FA512C /* Release */,
			);
			defaultConfigurationIsVisible = 0;
			defaultConfigurationName = Release;
		};
		3696C647202E8AEB00FA512C /* Build configuration list for PBXNativeTarget "smartHomeUITests" */ = {
			isa = XCConfigurationList;
			buildConfigurations = (
				3696C648202E8AEB00FA512C /* Debug */,
				3696C649202E8AEB00FA512C /* Release */,
			);
			defaultConfigurationIsVisible = 0;
			defaultConfigurationName = Release;
		};
/* End XCConfigurationList section */
	};
	rootObject = 3696C60D202E8AEB00FA512C /* Project object */;
}
